
Microsoft Visual Studio Solution File, Format Version 12.00
# Visual Studio Version 17
VisualStudioVersion = 17.7.34031.279
MinimumVisualStudioVersion = 10.0.40219.1
Project("{FAE04EC0-301F-11D3-BF4B-00C04F79EFBC}") = "DikdörtgenSinifTanimi", "DikdörtgenSinifTanimi\DikdörtgenSinifTanimi.csproj", "{33A8322B-1773-4240-AC63-22F13C1D5E45}"
EndProject
Global
	GlobalSection(SolutionConfigurationPlatforms) = preSolution
		Debug|Any CPU = Debug|Any CPU
		Release|Any CPU = Release|Any CPU
	EndGlobalSection
	GlobalSection(ProjectConfigurationPlatforms) = postSolution
		{33A8322B-1773-4240-AC63-22F13C1D5E45}.Debug|Any CPU.ActiveCfg = Debug|Any CPU
		{33A8322B-1773-4240-AC63-22F13C1D5E45}.Debug|Any CPU.Build.0 = Debug|Any CPU
		{33A8322B-1773-4240-AC63-22F13C1D5E45}.Release|Any CPU.ActiveCfg = Release|Any CPU
		{33A8322B-1773-4240-AC63-22F13C1D5E45}.Release|Any CPU.Build.0 = Release|Any CPU
	EndGlobalSection
	GlobalSection(SolutionProperties) = preSolution
		HideSolutionNode = FALSE
	EndGlobalSection
	GlobalSection(ExtensibilityGlobals) = postSolution
		SolutionGuid = {A96EA1CB-EFD0-4E3F-9185-D0FC9439EAE9}
	EndGlobalSection
EndGlobal
